
Microsoft Visual Studio Solution File, Format Version 12.00
# Visual Studio Version 17
VisualStudioVersion = 17.5.33516.290
MinimumVisualStudioVersion = 10.0.40219.1
Project("{9A19103F-16F7-4668-BE54-9A1E7A4F7556}") = "API", "API\API.csproj", "{B26260BB-3487-4E44-8669-075350FC30FE}"
EndProject
Project("{9A19103F-16F7-4668-BE54-9A1E7A4F7556}") = "DataAccess", "DataAccess\DataAccess.csproj", "{AB722D52-F513-4C27-9357-1FE828B4BAF1}"
EndProject
Project("{9A19103F-16F7-4668-BE54-9A1E7A4F7556}") = "Server", "Server\Server.csproj", "{305FDD46-6AFE-406C-AAAC-E555561A0A43}"
EndProject
Project("{9A19103F-16F7-4668-BE54-9A1E7A4F7556}") = "Client", "Client\Client.csproj", "{E5971F2A-7E1D-477D-B8D0-7AC533B4BD0D}"
EndProject
Global
	GlobalSection(SolutionConfigurationPlatforms) = preSolution
		Debug|Any CPU = Debug|Any CPU
		Release|Any CPU = Release|Any CPU
	EndGlobalSection
	GlobalSection(ProjectConfigurationPlatforms) = postSolution
		{B26260BB-3487-4E44-8669-075350FC30FE}.Debug|Any CPU.ActiveCfg = Debug|Any CPU
		{B26260BB-3487-4E44-8669-075350FC30FE}.Debug|Any CPU.Build.0 = Debug|Any CPU
		{B26260BB-3487-4E44-8669-075350FC30FE}.Release|Any CPU.ActiveCfg = Release|Any CPU
		{B26260BB-3487-4E44-8669-075350FC30FE}.Release|Any CPU.Build.0 = Release|Any CPU
		{AB722D52-F513-4C27-9357-1FE828B4BAF1}.Debug|Any CPU.ActiveCfg = Debug|Any CPU
		{AB722D52-F513-4C27-9357-1FE828B4BAF1}.Debug|Any CPU.Build.0 = Debug|Any CPU
		{AB722D52-F513-4C27-9357-1FE828B4BAF1}.Release|Any CPU.ActiveCfg = Release|Any CPU
		{AB722D52-F513-4C27-9357-1FE828B4BAF1}.Release|Any CPU.Build.0 = Release|Any CPU
		{305FDD46-6AFE-406C-AAAC-E555561A0A43}.Debug|Any CPU.ActiveCfg = Debug|Any CPU
		{305FDD46-6AFE-406C-AAAC-E555561A0A43}.Debug|Any CPU.Build.0 = Debug|Any CPU
		{305FDD46-6AFE-406C-AAAC-E555561A0A43}.Release|Any CPU.ActiveCfg = Release|Any CPU
		{305FDD46-6AFE-406C-AAAC-E555561A0A43}.Release|Any CPU.Build.0 = Release|Any CPU
		{E5971F2A-7E1D-477D-B8D0-7AC533B4BD0D}.Debug|Any CPU.ActiveCfg = Debug|Any CPU
		{E5971F2A-7E1D-477D-B8D0-7AC533B4BD0D}.Debug|Any CPU.Build.0 = Debug|Any CPU
		{E5971F2A-7E1D-477D-B8D0-7AC533B4BD0D}.Release|Any CPU.ActiveCfg = Release|Any CPU
		{E5971F2A-7E1D-477D-B8D0-7AC533B4BD0D}.Release|Any CPU.Build.0 = Release|Any CPU
	EndGlobalSection
	GlobalSection(SolutionProperties) = preSolution
		HideSolutionNode = FALSE
	EndGlobalSection
	GlobalSection(ExtensibilityGlobals) = postSolution
		SolutionGuid = {4C9325E5-CC8D-4EA0-BB2E-AC01DDE27FCD}
	EndGlobalSection
EndGlobal
